
Microsoft Visual Studio Solution File, Format Version 12.00
# Visual Studio Version 16
VisualStudioVersion = 16.0.30114.105
MinimumVisualStudioVersion = 10.0.40219.1
Project("{2150E333-8FDC-42A3-9474-1A3956D46DE8}") = "source", "source", "{624DB13A-EF99-452F-84EB-FCB8164A43C6}"
EndProject
Project("{FAE04EC0-301F-11D3-BF4B-00C04F79EFBC}") = "MaximaTech.Web", "source\MaximaTech.Web\MaximaTech.Web.csproj", "{741D4C32-E479-4CDC-8B5B-1DF4A6EBFD51}"
EndProject
Project("{FAE04EC0-301F-11D3-BF4B-00C04F79EFBC}") = "MaximaTech.Domain", "source\MaximaTech.Domain\MaximaTech.Domain.csproj", "{7E17E500-4C2C-47F2-81D1-C531A936EF18}"
EndProject
Project("{FAE04EC0-301F-11D3-BF4B-00C04F79EFBC}") = "MaximaTech.Core", "source\MaximaTech.Core\MaximaTech.Core.csproj", "{690F529F-32C7-4B0A-B1FF-C00E7D2969EC}"
EndProject
Project("{FAE04EC0-301F-11D3-BF4B-00C04F79EFBC}") = "MaximaTech.Infrastructure", "source\MaximaTech.Infrastructure\MaximaTech.Infrastructure.csproj", "{B43B9A15-3073-42D1-AC86-C7E6C9D65A5C}"
EndProject
Global
	GlobalSection(SolutionConfigurationPlatforms) = preSolution
		Debug|Any CPU = Debug|Any CPU
		Debug|x64 = Debug|x64
		Debug|x86 = Debug|x86
		Release|Any CPU = Release|Any CPU
		Release|x64 = Release|x64
		Release|x86 = Release|x86
	EndGlobalSection
	GlobalSection(SolutionProperties) = preSolution
		HideSolutionNode = FALSE
	EndGlobalSection
	GlobalSection(ProjectConfigurationPlatforms) = postSolution
		{741D4C32-E479-4CDC-8B5B-1DF4A6EBFD51}.Debug|Any CPU.ActiveCfg = Debug|Any CPU
		{741D4C32-E479-4CDC-8B5B-1DF4A6EBFD51}.Debug|Any CPU.Build.0 = Debug|Any CPU
		{741D4C32-E479-4CDC-8B5B-1DF4A6EBFD51}.Debug|x64.ActiveCfg = Debug|Any CPU
		{741D4C32-E479-4CDC-8B5B-1DF4A6EBFD51}.Debug|x64.Build.0 = Debug|Any CPU
		{741D4C32-E479-4CDC-8B5B-1DF4A6EBFD51}.Debug|x86.ActiveCfg = Debug|Any CPU
		{741D4C32-E479-4CDC-8B5B-1DF4A6EBFD51}.Debug|x86.Build.0 = Debug|Any CPU
		{741D4C32-E479-4CDC-8B5B-1DF4A6EBFD51}.Release|Any CPU.ActiveCfg = Release|Any CPU
		{741D4C32-E479-4CDC-8B5B-1DF4A6EBFD51}.Release|Any CPU.Build.0 = Release|Any CPU
		{741D4C32-E479-4CDC-8B5B-1DF4A6EBFD51}.Release|x64.ActiveCfg = Release|Any CPU
		{741D4C32-E479-4CDC-8B5B-1DF4A6EBFD51}.Release|x64.Build.0 = Release|Any CPU
		{741D4C32-E479-4CDC-8B5B-1DF4A6EBFD51}.Release|x86.ActiveCfg = Release|Any CPU
		{741D4C32-E479-4CDC-8B5B-1DF4A6EBFD51}.Release|x86.Build.0 = Release|Any CPU
		{7E17E500-4C2C-47F2-81D1-C531A936EF18}.Debug|Any CPU.ActiveCfg = Debug|Any CPU
		{7E17E500-4C2C-47F2-81D1-C531A936EF18}.Debug|Any CPU.Build.0 = Debug|Any CPU
		{7E17E500-4C2C-47F2-81D1-C531A936EF18}.Debug|x64.ActiveCfg = Debug|Any CPU
		{7E17E500-4C2C-47F2-81D1-C531A936EF18}.Debug|x64.Build.0 = Debug|Any CPU
		{7E17E500-4C2C-47F2-81D1-C531A936EF18}.Debug|x86.ActiveCfg = Debug|Any CPU
		{7E17E500-4C2C-47F2-81D1-C531A936EF18}.Debug|x86.Build.0 = Debug|Any CPU
		{7E17E500-4C2C-47F2-81D1-C531A936EF18}.Release|Any CPU.ActiveCfg = Release|Any CPU
		{7E17E500-4C2C-47F2-81D1-C531A936EF18}.Release|Any CPU.Build.0 = Release|Any CPU
		{7E17E500-4C2C-47F2-81D1-C531A936EF18}.Release|x64.ActiveCfg = Release|Any CPU
		{7E17E500-4C2C-47F2-81D1-C531A936EF18}.Release|x64.Build.0 = Release|Any CPU
		{7E17E500-4C2C-47F2-81D1-C531A936EF18}.Release|x86.ActiveCfg = Release|Any CPU
		{7E17E500-4C2C-47F2-81D1-C531A936EF18}.Release|x86.Build.0 = Release|Any CPU
		{690F529F-32C7-4B0A-B1FF-C00E7D2969EC}.Debug|Any CPU.ActiveCfg = Debug|Any CPU
		{690F529F-32C7-4B0A-B1FF-C00E7D2969EC}.Debug|Any CPU.Build.0 = Debug|Any CPU
		{690F529F-32C7-4B0A-B1FF-C00E7D2969EC}.Debug|x64.ActiveCfg = Debug|Any CPU
		{690F529F-32C7-4B0A-B1FF-C00E7D2969EC}.Debug|x64.Build.0 = Debug|Any CPU
		{690F529F-32C7-4B0A-B1FF-C00E7D2969EC}.Debug|x86.ActiveCfg = Debug|Any CPU
		{690F529F-32C7-4B0A-B1FF-C00E7D2969EC}.Debug|x86.Build.0 = Debug|Any CPU
		{690F529F-32C7-4B0A-B1FF-C00E7D2969EC}.Release|Any CPU.ActiveCfg = Release|Any CPU
		{690F529F-32C7-4B0A-B1FF-C00E7D2969EC}.Release|Any CPU.Build.0 = Release|Any CPU
		{690F529F-32C7-4B0A-B1FF-C00E7D2969EC}.Release|x64.ActiveCfg = Release|Any CPU
		{690F529F-32C7-4B0A-B1FF-C00E7D2969EC}.Release|x64.Build.0 = Release|Any CPU
		{690F529F-32C7-4B0A-B1FF-C00E7D2969EC}.Release|x86.ActiveCfg = Release|Any CPU
		{690F529F-32C7-4B0A-B1FF-C00E7D2969EC}.Release|x86.Build.0 = Release|Any CPU
		{B43B9A15-3073-42D1-AC86-C7E6C9D65A5C}.Debug|Any CPU.ActiveCfg = Debug|Any CPU
		{B43B9A15-3073-42D1-AC86-C7E6C9D65A5C}.Debug|Any CPU.Build.0 = Debug|Any CPU
		{B43B9A15-3073-42D1-AC86-C7E6C9D65A5C}.Debug|x64.ActiveCfg = Debug|Any CPU
		{B43B9A15-3073-42D1-AC86-C7E6C9D65A5C}.Debug|x64.Build.0 = Debug|Any CPU
		{B43B9A15-3073-42D1-AC86-C7E6C9D65A5C}.Debug|x86.ActiveCfg = Debug|Any CPU
		{B43B9A15-3073-42D1-AC86-C7E6C9D65A5C}.Debug|x86.Build.0 = Debug|Any CPU
		{B43B9A15-3073-42D1-AC86-C7E6C9D65A5C}.Release|Any CPU.ActiveCfg = Release|Any CPU
		{B43B9A15-3073-42D1-AC86-C7E6C9D65A5C}.Release|Any CPU.Build.0 = Release|Any CPU
		{B43B9A15-3073-42D1-AC86-C7E6C9D65A5C}.Release|x64.ActiveCfg = Release|Any CPU
		{B43B9A15-3073-42D1-AC86-C7E6C9D65A5C}.Release|x64.Build.0 = Release|Any CPU
		{B43B9A15-3073-42D1-AC86-C7E6C9D65A5C}.Release|x86.ActiveCfg = Release|Any CPU
		{B43B9A15-3073-42D1-AC86-C7E6C9D65A5C}.Release|x86.Build.0 = Release|Any CPU
	EndGlobalSection
	GlobalSection(NestedProjects) = preSolution
		{741D4C32-E479-4CDC-8B5B-1DF4A6EBFD51} = {624DB13A-EF99-452F-84EB-FCB8164A43C6}
		{7E17E500-4C2C-47F2-81D1-C531A936EF18} = {624DB13A-EF99-452F-84EB-FCB8164A43C6}
		{690F529F-32C7-4B0A-B1FF-C00E7D2969EC} = {624DB13A-EF99-452F-84EB-FCB8164A43C6}
		{B43B9A15-3073-42D1-AC86-C7E6C9D65A5C} = {624DB13A-EF99-452F-84EB-FCB8164A43C6}
	EndGlobalSection
EndGlobal
